
Microsoft Visual Studio Solution File, Format Version 12.00
# Visual Studio 14
VisualStudioVersion = 14.0.25123.0
MinimumVisualStudioVersion = 10.0.40219.1
Project("{FAE04EC0-301F-11D3-BF4B-00C04F79EFBC}") = "LinqToSql", "Sample\LinqToSql.csproj", "{508D3B74-4572-439E-8332-61970DA375A6}"
EndProject
Project("{FAE04EC0-301F-11D3-BF4B-00C04F79EFBC}") = "EntityCodeFirst", "EntityCodeFirst\EntityCodeFirst.csproj", "{6CCE0F1C-E05C-4E3E-9E41-73B7FC5144EC}"
EndProject
Project("{FAE04EC0-301F-11D3-BF4B-00C04F79EFBC}") = "ADO", "ADO\ADO.csproj", "{6B39B5DE-25D2-4699-B9B9-40497D768982}"
EndProject
Project("{FAE04EC0-301F-11D3-BF4B-00C04F79EFBC}") = "Angular", "Angular\Angular.csproj", "{3C2E44E5-A91A-4480-9676-891D6E2E8FA3}"
EndProject
Project("{FAE04EC0-301F-11D3-BF4B-00C04F79EFBC}") = "SampleWcfService", "SampleWcfService\SampleWcfService.csproj", "{4120386E-A622-4ABE-BEBF-1DCC2949E432}"
EndProject
Global
	GlobalSection(SolutionConfigurationPlatforms) = preSolution
		Debug|Any CPU = Debug|Any CPU
		Release|Any CPU = Release|Any CPU
	EndGlobalSection
	GlobalSection(ProjectConfigurationPlatforms) = postSolution
		{508D3B74-4572-439E-8332-61970DA375A6}.Debug|Any CPU.ActiveCfg = Debug|Any CPU
		{508D3B74-4572-439E-8332-61970DA375A6}.Debug|Any CPU.Build.0 = Debug|Any CPU
		{508D3B74-4572-439E-8332-61970DA375A6}.Release|Any CPU.ActiveCfg = Release|Any CPU
		{508D3B74-4572-439E-8332-61970DA375A6}.Release|Any CPU.Build.0 = Release|Any CPU
		{6CCE0F1C-E05C-4E3E-9E41-73B7FC5144EC}.Debug|Any CPU.ActiveCfg = Debug|Any CPU
		{6CCE0F1C-E05C-4E3E-9E41-73B7FC5144EC}.Debug|Any CPU.Build.0 = Debug|Any CPU
		{6CCE0F1C-E05C-4E3E-9E41-73B7FC5144EC}.Release|Any CPU.ActiveCfg = Release|Any CPU
		{6CCE0F1C-E05C-4E3E-9E41-73B7FC5144EC}.Release|Any CPU.Build.0 = Release|Any CPU
		{6B39B5DE-25D2-4699-B9B9-40497D768982}.Debug|Any CPU.ActiveCfg = Debug|Any CPU
		{6B39B5DE-25D2-4699-B9B9-40497D768982}.Debug|Any CPU.Build.0 = Debug|Any CPU
		{6B39B5DE-25D2-4699-B9B9-40497D768982}.Release|Any CPU.ActiveCfg = Release|Any CPU
		{6B39B5DE-25D2-4699-B9B9-40497D768982}.Release|Any CPU.Build.0 = Release|Any CPU
		{3C2E44E5-A91A-4480-9676-891D6E2E8FA3}.Debug|Any CPU.ActiveCfg = Debug|Any CPU
		{3C2E44E5-A91A-4480-9676-891D6E2E8FA3}.Debug|Any CPU.Build.0 = Debug|Any CPU
		{3C2E44E5-A91A-4480-9676-891D6E2E8FA3}.Release|Any CPU.ActiveCfg = Release|Any CPU
		{3C2E44E5-A91A-4480-9676-891D6E2E8FA3}.Release|Any CPU.Build.0 = Release|Any CPU
		{4120386E-A622-4ABE-BEBF-1DCC2949E432}.Debug|Any CPU.ActiveCfg = Debug|Any CPU
		{4120386E-A622-4ABE-BEBF-1DCC2949E432}.Debug|Any CPU.Build.0 = Debug|Any CPU
		{4120386E-A622-4ABE-BEBF-1DCC2949E432}.Release|Any CPU.ActiveCfg = Release|Any CPU
		{4120386E-A622-4ABE-BEBF-1DCC2949E432}.Release|Any CPU.Build.0 = Release|Any CPU
	EndGlobalSection
	GlobalSection(SolutionProperties) = preSolution
		HideSolutionNode = FALSE
	EndGlobalSection
EndGlobal
